
Microsoft Visual Studio Solution File, Format Version 12.00
# Visual Studio 2013
VisualStudioVersion = 12.0.30723.0
MinimumVisualStudioVersion = 10.0.40219.1
Project("{FAE04EC0-301F-11D3-BF4B-00C04F79EFBC}") = "StringCalc", "StringCalc\StringCalc.csproj", "{DC234B16-CAD2-4B36-84F4-564E0E9B6D63}"
EndProject
Project("{FAE04EC0-301F-11D3-BF4B-00C04F79EFBC}") = "TestStringCalc", "TestStringCalc\TestStringCalc.csproj", "{7B4AF80F-3BBC-4101-BF75-D9AD520DAAC4}"
EndProject
Global
	GlobalSection(SolutionConfigurationPlatforms) = preSolution
		Debug|Any CPU = Debug|Any CPU
		Release|Any CPU = Release|Any CPU
	EndGlobalSection
	GlobalSection(ProjectConfigurationPlatforms) = postSolution
		{DC234B16-CAD2-4B36-84F4-564E0E9B6D63}.Debug|Any CPU.ActiveCfg = Debug|Any CPU
		{DC234B16-CAD2-4B36-84F4-564E0E9B6D63}.Debug|Any CPU.Build.0 = Debug|Any CPU
		{DC234B16-CAD2-4B36-84F4-564E0E9B6D63}.Release|Any CPU.ActiveCfg = Release|Any CPU
		{DC234B16-CAD2-4B36-84F4-564E0E9B6D63}.Release|Any CPU.Build.0 = Release|Any CPU
		{7B4AF80F-3BBC-4101-BF75-D9AD520DAAC4}.Debug|Any CPU.ActiveCfg = Debug|Any CPU
		{7B4AF80F-3BBC-4101-BF75-D9AD520DAAC4}.Debug|Any CPU.Build.0 = Debug|Any CPU
		{7B4AF80F-3BBC-4101-BF75-D9AD520DAAC4}.Release|Any CPU.ActiveCfg = Release|Any CPU
		{7B4AF80F-3BBC-4101-BF75-D9AD520DAAC4}.Release|Any CPU.Build.0 = Release|Any CPU
	EndGlobalSection
	GlobalSection(SolutionProperties) = preSolution
		HideSolutionNode = FALSE
	EndGlobalSection
EndGlobal
